
Microsoft Visual Studio Solution File, Format Version 12.00
# Visual Studio Version 17
VisualStudioVersion = 17.12.35506.116 d17.12
MinimumVisualStudioVersion = 10.0.40219.1
Project("{FAE04EC0-301F-11D3-BF4B-00C04F79EFBC}") = "dnclive24", "dnclive24.csproj", "{D627D3D7-DCE9-46CF-884E-D5796C755D2D}"
EndProject
Global
	GlobalSection(SolutionConfigurationPlatforms) = preSolution
		Debug|Any CPU = Debug|Any CPU
		Release|Any CPU = Release|Any CPU
	EndGlobalSection
	GlobalSection(ProjectConfigurationPlatforms) = postSolution
		{D627D3D7-DCE9-46CF-884E-D5796C755D2D}.Debug|Any CPU.ActiveCfg = Debug|Any CPU
		{D627D3D7-DCE9-46CF-884E-D5796C755D2D}.Debug|Any CPU.Build.0 = Debug|Any CPU
		{D627D3D7-DCE9-46CF-884E-D5796C755D2D}.Release|Any CPU.ActiveCfg = Release|Any CPU
		{D627D3D7-DCE9-46CF-884E-D5796C755D2D}.Release|Any CPU.Build.0 = Release|Any CPU
	EndGlobalSection
	GlobalSection(SolutionProperties) = preSolution
		HideSolutionNode = FALSE
	EndGlobalSection
EndGlobal
